<?xml version="1.0" encoding="utf-8"?>
<Project ToolsVersion="4.0" xmlns="http://schemas.microsoft.com/developer/msbuild/2003">
  <ItemGroup>
    <Filter Include="Source Files">
      <UniqueIdentifier>{4FC737F1-C7A5-4376-A066-2A32D752A2FF}</UniqueIdentifier>
      <Extensions>cpp;c;cc;cxx;c++;cppm;ixx;def;odl;idl;hpj;bat;asm;asmx</Extensions>
    </Filter>
    <Filter Include="Resource Files">
      <UniqueIdentifier>{67DA6AB6-F800-4c08-8B7A-83BB121AAD01}</UniqueIdentifier>
      <Extensions>rc;ico;cur;bmp;dlg;rc2;rct;bin;rgs;gif;jpg;jpeg;jpe;resx;tiff;tif;png;wav;mfcribbon-ms</Extensions>
    </Filter>
    <Filter Include="Source Files\IntChainHash">
      <UniqueIdentifier>{68747e2b-f35f-4961-afa2-3190fda7e620}</UniqueIdentifier>
    </Filter>
    <Filter Include="Source Files\IntLInHash">
      <UniqueIdentifier>{09dc4b74-a159-4e27-be66-2ab64fb67731}</UniqueIdentifier>
    </Filter>
  </ItemGroup>
  <ItemGroup>
    <ClCompile Include="HashingTables.cpp">
      <Filter>Source Files</Filter>
    </ClCompile>
    <ClCompile Include="IntChainHash.cpp">
      <Filter>Source Files\IntChainHash</Filter>
    </ClCompile>
    <ClCompile Include="IntLinHash.cpp">
      <Filter>Source Files\IntLInHash</Filter>
    </ClCompile>
  </ItemGroup>
  <ItemGroup>
    <ClInclude Include="IntChainHash.h">
      <Filter>Source Files\IntChainHash</Filter>
    </ClInclude>
    <ClInclude Include="IntLinHash.h">
      <Filter>Source Files\IntLInHash</Filter>
    </ClInclude>
  </ItemGroup>
</Project>